
Microsoft Visual Studio Solution File, Format Version 12.00
# Visual Studio Version 17
VisualStudioVersion = 17.8.34525.116
MinimumVisualStudioVersion = 10.0.40219.1
Project("{2150E333-8FDC-42A3-9474-1A3956D46DE8}") = "Services", "Services", "{AD56E17A-0422-40AA-B676-B79DBB7E3434}"
EndProject
Project("{2150E333-8FDC-42A3-9474-1A3956D46DE8}") = "Catalog", "Catalog", "{74A608A8-FCFD-4B9A-A3D5-67AF4339EE48}"
EndProject
Project("{9A19103F-16F7-4668-BE54-9A1E7A4F7556}") = "Products.API", "Services\Catalog\Products.API\Products.API.csproj", "{31105306-477C-4C1C-ACBF-2B31F7FB11E5}"
EndProject
Project("{2150E333-8FDC-42A3-9474-1A3956D46DE8}") = "Blocks", "Blocks", "{4D5578F4-2592-4CDB-8D0D-C7A49B7A0710}"
EndProject
Project("{9A19103F-16F7-4668-BE54-9A1E7A4F7556}") = "CommonOperations", "Blocks\CommonOperations\CommonOperations.csproj", "{48CB2F04-81CB-4F88-9266-562C00A24E96}"
EndProject
Project("{E53339B2-1760-4266-BCC7-CA923CBCF16C}") = "docker-compose", "docker-compose.dcproj", "{08CBAEAE-79D0-4FF9-A9EE-B68EB199DBEB}"
EndProject
Project("{2150E333-8FDC-42A3-9474-1A3956D46DE8}") = "ShoppingCart", "ShoppingCart", "{3CDAB664-B212-4D99-AEC9-7DFB85A45022}"
EndProject
Project("{9A19103F-16F7-4668-BE54-9A1E7A4F7556}") = "ShoppingCart.API", "Services\ShoppingCart\ShoppingCart.API\ShoppingCart.API.csproj", "{68A7CCF2-111F-4C4A-909D-1D632E85F79A}"
EndProject
Project("{2150E333-8FDC-42A3-9474-1A3956D46DE8}") = "Discount", "Discount", "{E56C7141-A1DA-489D-93E7-B011A7506FB5}"
EndProject
Project("{9A19103F-16F7-4668-BE54-9A1E7A4F7556}") = "Discount.gRPC", "Services\Discount\Discount.gRPC\Discount.gRPC.csproj", "{3D47657B-01A0-48DF-ACB1-CE3F5AA6A673}"
EndProject
Project("{2150E333-8FDC-42A3-9474-1A3956D46DE8}") = "Ordering", "Ordering", "{F24EC46F-97F8-4036-8D63-F6A5C5309152}"
EndProject
Project("{FAE04EC0-301F-11D3-BF4B-00C04F79EFBC}") = "Ordering.API", "Services\Ordering\Ordering.API\Ordering.API.csproj", "{A24DB844-4026-455E-A8A4-EAE94A09689F}"
EndProject
Project("{FAE04EC0-301F-11D3-BF4B-00C04F79EFBC}") = "Ordering.Domain", "Services\Ordering\Ordering.Domain\Ordering.Domain.csproj", "{EC042D16-3B37-49B2-B024-4C613083B22C}"
EndProject
Project("{FAE04EC0-301F-11D3-BF4B-00C04F79EFBC}") = "Ordering.Application", "Services\Ordering\Ordering.Application\Ordering.Application.csproj", "{78252953-A853-4E55-87C4-8D4DF41AB3DB}"
EndProject
Project("{FAE04EC0-301F-11D3-BF4B-00C04F79EFBC}") = "Ordering.Infastructure", "Services\Ordering\Ordering.Infastructure\Ordering.Infastructure.csproj", "{8D0AA158-7F34-424E-897E-3BDE86107B45}"
EndProject
Project("{FAE04EC0-301F-11D3-BF4B-00C04F79EFBC}") = "Messaging", "Blocks\Messaging\Messaging.csproj", "{5E343D13-6489-4FDC-8C58-597CF62CC27E}"
EndProject
Project("{2150E333-8FDC-42A3-9474-1A3956D46DE8}") = "ApiGateways", "ApiGateways", "{0BDEB49C-C400-4898-8C41-ED991C3C79DC}"
EndProject
Project("{FAE04EC0-301F-11D3-BF4B-00C04F79EFBC}") = "YarpApiGateway", "ApiGateways\YarpApiGateway\YarpApiGateway.csproj", "{3827F87F-94FC-47DC-AE30-F7C496914B20}"
EndProject
Global
	GlobalSection(SolutionConfigurationPlatforms) = preSolution
		Debug|Any CPU = Debug|Any CPU
		Release|Any CPU = Release|Any CPU
	EndGlobalSection
	GlobalSection(ProjectConfigurationPlatforms) = postSolution
		{31105306-477C-4C1C-ACBF-2B31F7FB11E5}.Debug|Any CPU.ActiveCfg = Debug|Any CPU
		{31105306-477C-4C1C-ACBF-2B31F7FB11E5}.Debug|Any CPU.Build.0 = Debug|Any CPU
		{31105306-477C-4C1C-ACBF-2B31F7FB11E5}.Release|Any CPU.ActiveCfg = Release|Any CPU
		{31105306-477C-4C1C-ACBF-2B31F7FB11E5}.Release|Any CPU.Build.0 = Release|Any CPU
		{48CB2F04-81CB-4F88-9266-562C00A24E96}.Debug|Any CPU.ActiveCfg = Debug|Any CPU
		{48CB2F04-81CB-4F88-9266-562C00A24E96}.Debug|Any CPU.Build.0 = Debug|Any CPU
		{48CB2F04-81CB-4F88-9266-562C00A24E96}.Release|Any CPU.ActiveCfg = Release|Any CPU
		{48CB2F04-81CB-4F88-9266-562C00A24E96}.Release|Any CPU.Build.0 = Release|Any CPU
		{08CBAEAE-79D0-4FF9-A9EE-B68EB199DBEB}.Debug|Any CPU.ActiveCfg = Debug|Any CPU
		{08CBAEAE-79D0-4FF9-A9EE-B68EB199DBEB}.Debug|Any CPU.Build.0 = Debug|Any CPU
		{08CBAEAE-79D0-4FF9-A9EE-B68EB199DBEB}.Release|Any CPU.ActiveCfg = Release|Any CPU
		{08CBAEAE-79D0-4FF9-A9EE-B68EB199DBEB}.Release|Any CPU.Build.0 = Release|Any CPU
		{68A7CCF2-111F-4C4A-909D-1D632E85F79A}.Debug|Any CPU.ActiveCfg = Debug|Any CPU
		{68A7CCF2-111F-4C4A-909D-1D632E85F79A}.Debug|Any CPU.Build.0 = Debug|Any CPU
		{68A7CCF2-111F-4C4A-909D-1D632E85F79A}.Release|Any CPU.ActiveCfg = Release|Any CPU
		{68A7CCF2-111F-4C4A-909D-1D632E85F79A}.Release|Any CPU.Build.0 = Release|Any CPU
		{3D47657B-01A0-48DF-ACB1-CE3F5AA6A673}.Debug|Any CPU.ActiveCfg = Debug|Any CPU
		{3D47657B-01A0-48DF-ACB1-CE3F5AA6A673}.Debug|Any CPU.Build.0 = Debug|Any CPU
		{3D47657B-01A0-48DF-ACB1-CE3F5AA6A673}.Release|Any CPU.ActiveCfg = Release|Any CPU
		{3D47657B-01A0-48DF-ACB1-CE3F5AA6A673}.Release|Any CPU.Build.0 = Release|Any CPU
		{A24DB844-4026-455E-A8A4-EAE94A09689F}.Debug|Any CPU.ActiveCfg = Debug|Any CPU
		{A24DB844-4026-455E-A8A4-EAE94A09689F}.Debug|Any CPU.Build.0 = Debug|Any CPU
		{A24DB844-4026-455E-A8A4-EAE94A09689F}.Release|Any CPU.ActiveCfg = Release|Any CPU
		{A24DB844-4026-455E-A8A4-EAE94A09689F}.Release|Any CPU.Build.0 = Release|Any CPU
		{EC042D16-3B37-49B2-B024-4C613083B22C}.Debug|Any CPU.ActiveCfg = Debug|Any CPU
		{EC042D16-3B37-49B2-B024-4C613083B22C}.Debug|Any CPU.Build.0 = Debug|Any CPU
		{EC042D16-3B37-49B2-B024-4C613083B22C}.Release|Any CPU.ActiveCfg = Release|Any CPU
		{EC042D16-3B37-49B2-B024-4C613083B22C}.Release|Any CPU.Build.0 = Release|Any CPU
		{78252953-A853-4E55-87C4-8D4DF41AB3DB}.Debug|Any CPU.ActiveCfg = Debug|Any CPU
		{78252953-A853-4E55-87C4-8D4DF41AB3DB}.Debug|Any CPU.Build.0 = Debug|Any CPU
		{78252953-A853-4E55-87C4-8D4DF41AB3DB}.Release|Any CPU.ActiveCfg = Release|Any CPU
		{78252953-A853-4E55-87C4-8D4DF41AB3DB}.Release|Any CPU.Build.0 = Release|Any CPU
		{8D0AA158-7F34-424E-897E-3BDE86107B45}.Debug|Any CPU.ActiveCfg = Debug|Any CPU
		{8D0AA158-7F34-424E-897E-3BDE86107B45}.Debug|Any CPU.Build.0 = Debug|Any CPU
		{8D0AA158-7F34-424E-897E-3BDE86107B45}.Release|Any CPU.ActiveCfg = Release|Any CPU
		{8D0AA158-7F34-424E-897E-3BDE86107B45}.Release|Any CPU.Build.0 = Release|Any CPU
		{5E343D13-6489-4FDC-8C58-597CF62CC27E}.Debug|Any CPU.ActiveCfg = Debug|Any CPU
		{5E343D13-6489-4FDC-8C58-597CF62CC27E}.Debug|Any CPU.Build.0 = Debug|Any CPU
		{5E343D13-6489-4FDC-8C58-597CF62CC27E}.Release|Any CPU.ActiveCfg = Release|Any CPU
		{5E343D13-6489-4FDC-8C58-597CF62CC27E}.Release|Any CPU.Build.0 = Release|Any CPU
		{3827F87F-94FC-47DC-AE30-F7C496914B20}.Debug|Any CPU.ActiveCfg = Debug|Any CPU
		{3827F87F-94FC-47DC-AE30-F7C496914B20}.Debug|Any CPU.Build.0 = Debug|Any CPU
		{3827F87F-94FC-47DC-AE30-F7C496914B20}.Release|Any CPU.ActiveCfg = Release|Any CPU
		{3827F87F-94FC-47DC-AE30-F7C496914B20}.Release|Any CPU.Build.0 = Release|Any CPU
	EndGlobalSection
	GlobalSection(SolutionProperties) = preSolution
		HideSolutionNode = FALSE
	EndGlobalSection
	GlobalSection(NestedProjects) = preSolution
		{74A608A8-FCFD-4B9A-A3D5-67AF4339EE48} = {AD56E17A-0422-40AA-B676-B79DBB7E3434}
		{31105306-477C-4C1C-ACBF-2B31F7FB11E5} = {74A608A8-FCFD-4B9A-A3D5-67AF4339EE48}
		{48CB2F04-81CB-4F88-9266-562C00A24E96} = {4D5578F4-2592-4CDB-8D0D-C7A49B7A0710}
		{3CDAB664-B212-4D99-AEC9-7DFB85A45022} = {AD56E17A-0422-40AA-B676-B79DBB7E3434}
		{68A7CCF2-111F-4C4A-909D-1D632E85F79A} = {3CDAB664-B212-4D99-AEC9-7DFB85A45022}
		{E56C7141-A1DA-489D-93E7-B011A7506FB5} = {AD56E17A-0422-40AA-B676-B79DBB7E3434}
		{3D47657B-01A0-48DF-ACB1-CE3F5AA6A673} = {E56C7141-A1DA-489D-93E7-B011A7506FB5}
		{F24EC46F-97F8-4036-8D63-F6A5C5309152} = {AD56E17A-0422-40AA-B676-B79DBB7E3434}
		{A24DB844-4026-455E-A8A4-EAE94A09689F} = {F24EC46F-97F8-4036-8D63-F6A5C5309152}
		{EC042D16-3B37-49B2-B024-4C613083B22C} = {F24EC46F-97F8-4036-8D63-F6A5C5309152}
		{78252953-A853-4E55-87C4-8D4DF41AB3DB} = {F24EC46F-97F8-4036-8D63-F6A5C5309152}
		{8D0AA158-7F34-424E-897E-3BDE86107B45} = {F24EC46F-97F8-4036-8D63-F6A5C5309152}
		{5E343D13-6489-4FDC-8C58-597CF62CC27E} = {4D5578F4-2592-4CDB-8D0D-C7A49B7A0710}
		{3827F87F-94FC-47DC-AE30-F7C496914B20} = {0BDEB49C-C400-4898-8C41-ED991C3C79DC}
	EndGlobalSection
	GlobalSection(ExtensibilityGlobals) = postSolution
		SolutionGuid = {A9ABADF2-9862-4E59-AD99-15F2BCCD32D9}
	EndGlobalSection
EndGlobal
